version = 1
revision = 1
requires-python = ">=3.12"

[[package]]
name = "attrs"
version = "25.1.0"
source = { registry = "https://pypi.org/simple" }
sdist = { url = "https://files.pythonhosted.org/packages/49/7c/fdf464bcc51d23881d110abd74b512a42b3d5d376a55a831b44c603ae17f/attrs-25.1.0.tar.gz", hash = "sha256:1c97078a80c814273a76b2a298a932eb681c87415c11dee0a6921de7f1b02c3e", size = 810562 }
wheels = [
    { url = "https://files.pythonhosted.org/packages/fc/30/d4986a882011f9df997a55e6becd864812ccfcd821d64aac8570ee39f719/attrs-25.1.0-py3-none-any.whl", hash = "sha256:c75a69e28a550a7e93789579c22aa26b0f5b83b75dc4e08fe092980051e1090a", size = 63152 },
]

[[package]]
name = "cffi"
version = "1.17.1"
source = { registry = "https://pypi.org/simple" }
dependencies = [
    { name = "pycparser" },
]
sdist = { url = "https://files.pythonhosted.org/packages/fc/97/c783634659c2920c3fc70419e3af40972dbaf758daa229a7d6ea6135c90d/cffi-1.17.1.tar.gz", hash = "sha256:1c39c6016c32bc48dd54561950ebd6836e1670f2ae46128f67cf49e789c52824", size = 516621 }
wheels = [
    { url = "https://files.pythonhosted.org/packages/86/c5/28b2d6f799ec0bdecf44dced2ec5ed43e0eb63097b0f58c293583b406582/cffi-1.17.1-cp312-cp312-win32.whl", hash = "sha256:a08d7e755f8ed21095a310a693525137cfe756ce62d066e53f502a83dc550f65", size = 172448 },
    { url = "https://files.pythonhosted.org/packages/50/b9/db34c4755a7bd1cb2d1603ac3863f22bcecbd1ba29e5ee841a4bc510b294/cffi-1.17.1-cp312-cp312-win_amd64.whl", hash = "sha256:51392eae71afec0d0c8fb1a53b204dbb3bcabcb3c9b807eedf3e1e6ccf2de903", size = 181976 },
    { url = "https://files.pythonhosted.org/packages/bf/ee/f94057fa6426481d663b88637a9a10e859e492c73d0384514a17d78ee205/cffi-1.17.1-cp313-cp313-win32.whl", hash = "sha256:e03eab0a8677fa80d646b5ddece1cbeaf556c313dcfac435ba11f107ba117b5d", size = 172475 },
    { url = "https://files.pythonhosted.org/packages/7c/fc/6a8cb64e5f0324877d503c854da15d76c1e50eb722e320b15345c4d0c6de/cffi-1.17.1-cp313-cp313-win_amd64.whl", hash = "sha256:f6a16c31041f09ead72d69f583767292f750d24913dadacf5756b966aacb3f1a", size = 182009 },
]

[[package]]
name = "idna"
version = "3.10"
source = { registry = "https://pypi.org/simple" }
sdist = { url = "https://files.pythonhosted.org/packages/f1/70/7703c29685631f5a7590aa73f1f1d3fa9a380e654b86af429e0934a32f7d/idna-3.10.tar.gz", hash = "sha256:12f65c9b470abda6dc35cf8e63cc574b1c52b11df2c86030af0ac09b01b13ea9", size = 190490 }
wheels = [
    { url = "https://files.pythonhosted.org/packages/76/c6/c88e154df9c4e1a2a66ccf0005a88dfb2650c1dffb6f5ce603dfbd452ce3/idna-3.10-py3-none-any.whl", hash = "sha256:946d195a0d259cbba61165e88e65941f16e9b36ea6ddb97f00452bae8b1287d3", size = 70442 },
]

[[package]]
name = "outcome"
version = "1.3.0.post0"
source = { registry = "https://pypi.org/simple" }
dependencies = [
    { name = "attrs" },
]
sdist = { url = "https://files.pythonhosted.org/packages/98/df/77698abfac98571e65ffeb0c1fba8ffd692ab8458d617a0eed7d9a8d38f2/outcome-1.3.0.post0.tar.gz", hash = "sha256:9dcf02e65f2971b80047b377468e72a268e15c0af3cf1238e6ff14f7f91143b8", size = 21060 }
wheels = [
    { url = "https://files.pythonhosted.org/packages/55/8b/5ab7257531a5d830fc8000c476e63c935488d74609b50f9384a643ec0a62/outcome-1.3.0.post0-py2.py3-none-any.whl", hash = "sha256:e771c5ce06d1415e356078d3bdd68523f284b4ce5419828922b6871e65eda82b", size = 10692 },
]

[[package]]
name = "pyaes"
version = "1.6.1"
source = { registry = "https://pypi.org/simple" }
sdist = { url = "https://files.pythonhosted.org/packages/44/66/2c17bae31c906613795711fc78045c285048168919ace2220daa372c7d72/pyaes-1.6.1.tar.gz", hash = "sha256:02c1b1405c38d3c370b085fb952dd8bea3fadcee6411ad99f312cc129c536d8f", size = 28536 }

[[package]]
name = "pyasynchat"
version = "1.0.4"
source = { registry = "https://pypi.org/simple" }
dependencies = [
    { name = "pyasyncore" },
]
sdist = { url = "https://files.pythonhosted.org/packages/8a/fd/aacc6309abcc5a388c66915829cd8175daccac583828fde40a1eea5768e4/pyasynchat-1.0.4.tar.gz", hash = "sha256:3f5333df649e46c56d48c57e6a4b7163fd07f626bfd884e22ef373ab3c3a4670", size = 9747 }
wheels = [
    { url = "https://files.pythonhosted.org/packages/c2/4f/b4a7aa2a35858d40f970bdb63ab3e9deda35d0d2116b9175f929f37d764d/pyasynchat-1.0.4-py3-none-any.whl", hash = "sha256:167feb25d635a01b61338e17e9ab1e3372cd9274005af4083dcda52d51f64a76", size = 7753 },
]

[[package]]
name = "pyasyncore"
version = "1.0.4"
source = { registry = "https://pypi.org/simple" }
sdist = { url = "https://files.pythonhosted.org/packages/25/6e/956e2bc9b47e3310cd524036f506b779a77788c2a1eb732e544240ad346f/pyasyncore-1.0.4.tar.gz", hash = "sha256:2c7a8b9b750ba6260f1e5a061456d61320a80579c6a43d42183417da89c7d5d6", size = 15339 }
wheels = [
    { url = "https://files.pythonhosted.org/packages/38/46/aaa0999302d7a584a033ec23b6ca21a452cf9c7f6d8dce8d174ac407eb3f/pyasyncore-1.0.4-py3-none-any.whl", hash = "sha256:9e5f6dc9dc057c56370b7a5cdb4c4670fd4b0556de2913ed1f428cd6a5366895", size = 10032 },
]

[[package]]
name = "pycparser"
version = "2.22"
source = { registry = "https://pypi.org/simple" }
sdist = { url = "https://files.pythonhosted.org/packages/1d/b2/31537cf4b1ca988837256c910a668b553fceb8f069bedc4b1c826024b52c/pycparser-2.22.tar.gz", hash = "sha256:491c8be9c040f5390f5bf44a5b07752bd07f56edf992381b05c701439eec10f6", size = 172736 }
wheels = [
    { url = "https://files.pythonhosted.org/packages/13/a3/a812df4e2dd5696d1f351d58b8fe16a405b234ad2886a0dab9183fb78109/pycparser-2.22-py3-none-any.whl", hash = "sha256:c3702b6d3dd8c7abc1afa565d7e63d53a1d0bd86cdc24edd75470f4de499cfcc", size = 117552 },
]

[[package]]
name = "pyftpdlib"
version = "2.0.1"
source = { registry = "https://pypi.org/simple" }
dependencies = [
    { name = "pyasynchat" },
    { name = "pyasyncore" },
]
sdist = { url = "https://files.pythonhosted.org/packages/b4/0c/32bf0a7c88efe147bc3bc6586216d92269d196c59f149b05efa973834946/pyftpdlib-2.0.1.tar.gz", hash = "sha256:ef0d172a82bfae10e2dec222e87533514609d41bf4b0fd0f07e29d4380fb96bf", size = 202285 }

[[package]]
name = "pyfuse3"
version = "3.4.0"
source = { registry = "https://pypi.org/simple" }
dependencies = [
    { name = "trio" },
]
sdist = { url = "https://files.pythonhosted.org/packages/67/1e/0f8f285a65e2e64f2f0c4accce4ee67d9ac66ee9684492a4327e48d68d87/pyfuse3-3.4.0.tar.gz", hash = "sha256:793493f4d5e2b3bc10e13b3421d426a6e2e3365264c24376a50b8cbc69762d39", size = 962992 }

[[package]]
name = "pymediainfo-pyrofork"
version = "6.0.2"
source = { registry = "https://pypi.org/simple" }
sdist = { url = "https://files.pythonhosted.org/packages/01/43/ebfd048e84bb264bb133d545312e35b49638bcd7d5ad973c023e0026a36b/pymediainfo_pyrofork-6.0.2.tar.gz", hash = "sha256:fce9402edfd1fa09aba7b3cac4c41ba7fcf6820e561b4db4f9c1a1a68c487c36", size = 446514 }
wheels = [
    { url = "https://files.pythonhosted.org/packages/1d/16/7c2b2f969e84e5f196809c10da6c847c505fb722b9d636bf6f6bf8f2e919/pymediainfo_pyrofork-6.0.2-py2.py3-none-any.whl", hash = "sha256:674fa8e53de861635b9dc4f77c2ad712306a798bf28864952503bf328210c4c3", size = 9356 },
]

[[package]]
name = "pyrofork"
version = "2.3.58"
source = { registry = "https://pypi.org/simple" }
dependencies = [
    { name = "pyaes" },
    { name = "pymediainfo-pyrofork" },
    { name = "pysocks" },
]
sdist = { url = "https://files.pythonhosted.org/packages/d3/ae/1391f9342d8f5b4b9e129ad6d68f2821e5b19c83f4d8074c38d0cf0a3b1f/pyrofork-2.3.58.tar.gz", hash = "sha256:bb449e13988691154a1bf3d2c4f7cfd25b437e994af44659110bbfc2eef5d713", size = 471263 }
wheels = [
    { url = "https://files.pythonhosted.org/packages/97/45/d0c04a85876e505635c9ed1c8e20e68feaf17aa3eda3d76df2cb38a0b09c/pyrofork-2.3.58-py3-none-any.whl", hash = "sha256:8b0d9247fb7f826ef7d3f7f2c7bff64902b467eeb47a2a512f97ea2c51a77aff", size = 4875193 },
]

[[package]]
name = "pysocks"
version = "1.7.1"
source = { registry = "https://pypi.org/simple" }
sdist = { url = "https://files.pythonhosted.org/packages/bd/11/293dd436aea955d45fc4e8a35b6ae7270f5b8e00b53cf6c024c83b657a11/PySocks-1.7.1.tar.gz", hash = "sha256:3f8804571ebe159c380ac6de37643bb4685970655d3bba243530d6558b799aa0", size = 284429 }
wheels = [
    { url = "https://files.pythonhosted.org/packages/8d/59/b4572118e098ac8e46e399a1dd0f2d85403ce8bbaad9ec79373ed6badaf9/PySocks-1.7.1-py3-none-any.whl", hash = "sha256:2725bd0a9925919b9b51739eea5f9e2bae91e83288108a9ad338b2e3a4435ee5", size = 16725 },
]

[[package]]
name = "sniffio"
version = "1.3.1"
source = { registry = "https://pypi.org/simple" }
sdist = { url = "https://files.pythonhosted.org/packages/a2/87/a6771e1546d97e7e041b6ae58d80074f81b7d5121207425c964ddf5cfdbd/sniffio-1.3.1.tar.gz", hash = "sha256:f4324edc670a0f49750a81b895f35c3adb843cca46f0530f79fc1babb23789dc", size = 20372 }
wheels = [
    { url = "https://files.pythonhosted.org/packages/e9/44/75a9c9421471a6c4805dbf2356f7c181a29c1879239abab1ea2cc8f38b40/sniffio-1.3.1-py3-none-any.whl", hash = "sha256:2f6da418d1f1e0fddd844478f41680e794e6051915791a034ff65e5f100525a2", size = 10235 },
]

[[package]]
name = "sortedcontainers"
version = "2.4.0"
source = { registry = "https://pypi.org/simple" }
sdist = { url = "https://files.pythonhosted.org/packages/e8/c4/ba2f8066cceb6f23394729afe52f3bf7adec04bf9ed2c820b39e19299111/sortedcontainers-2.4.0.tar.gz", hash = "sha256:25caa5a06cc30b6b83d11423433f65d1f9d76c4c6a0c90e3379eaa43b9bfdb88", size = 30594 }
wheels = [
    { url = "https://files.pythonhosted.org/packages/32/46/9cb0e58b2deb7f82b84065f37f3bffeb12413f947f9388e4cac22c4621ce/sortedcontainers-2.4.0-py2.py3-none-any.whl", hash = "sha256:a163dcaede0f1c021485e957a39245190e74249897e2ae4b2aa38595db237ee0", size = 29575 },
]

[[package]]
name = "tgcrypto-pyrofork"
version = "1.2.7"
source = { registry = "https://pypi.org/simple" }
sdist = { url = "https://files.pythonhosted.org/packages/96/80/bae4260b65885765407e2e8e59c0452bf180f6b5b23779596a354223c6c5/TgCrypto-pyrofork-1.2.7.tar.gz", hash = "sha256:1b91bbd14bac6e661912719efdac2446d48fec9b9bcb7980069a1a94fd622ff9", size = 37369 }
wheels = [
    { url = "https://files.pythonhosted.org/packages/44/dc/78670ab403d3d90b09af2d4c4ef976f715f271c5c2f32ea1538a5497f8f0/TgCrypto_pyrofork-1.2.7-cp312-cp312-macosx_10_13_universal2.whl", hash = "sha256:001387678fcf979261b2c3a5dc02ae0d53cac4c1087dc2e3723df67643baa196", size = 59505 },
    { url = "https://files.pythonhosted.org/packages/62/83/ba69781b9897cb6e377f7b62258ce293f73fcad6113451b96cf3a6f97939/TgCrypto_pyrofork-1.2.7-cp312-cp312-macosx_10_13_x86_64.whl", hash = "sha256:3afd9375c7809d1088c5c483e0c6641e58b84146b39e2ab77a85e65ffdc51dcb", size = 43902 },
    { url = "https://files.pythonhosted.org/packages/b5/2e/1df3096d350c6a4d6eecf513af33e9b71db5b0fa571fa0b9aad57bf258bc/TgCrypto_pyrofork-1.2.7-cp312-cp312-macosx_11_0_arm64.whl", hash = "sha256:d43e52df7e991814d17d3f988b65e0b5dbbb85af7cd3b0b7372c6b4d70bf65fa", size = 43837 },
    { url = "https://files.pythonhosted.org/packages/05/a4/f891a83b182db7695519a0b3164c0101deee636ad316f7af91b60c74bd97/TgCrypto_pyrofork-1.2.7-cp312-cp312-manylinux_2_17_aarch64.manylinux2014_aarch64.whl", hash = "sha256:4a8d67d3065a9e35e92bbacbac8676b014acefbb7d77adf980f2efeaedeee7a3", size = 62546 },
    { url = "https://files.pythonhosted.org/packages/79/1e/0c44c87407d534ad9349b5e9deb35eecc91853f500184d5cfa61dc654f18/TgCrypto_pyrofork-1.2.7-cp312-cp312-manylinux_2_17_x86_64.manylinux2014_x86_64.whl", hash = "sha256:b56979e9613114b7d1deecdb93cd76888515e1af9d9de559f4dd1c0512aaecf1", size = 60415 },
    { url = "https://files.pythonhosted.org/packages/6e/8e/555edb2ad2e5c44ce3b4cfafbca37783fa85b9b26547ecc4f4f335f65a10/TgCrypto_pyrofork-1.2.7-cp312-cp312-manylinux_2_5_i686.manylinux1_i686.manylinux_2_17_i686.manylinux2014_i686.whl", hash = "sha256:d74655a04a9e30d779bdf4492d0f188a7c4d9771ce413c5b40f7b388bc48ad65", size = 60157 },
    { url = "https://files.pythonhosted.org/packages/f6/ff/fdeb386cc58c837d6b0592091a5839950dc7657436fce0c672dcf70aa17f/TgCrypto_pyrofork-1.2.7-cp312-cp312-musllinux_1_2_aarch64.whl", hash = "sha256:0a750d23e714a7da9bf5ff14900e62fcfd704592a68b52b9859426b153f7e325", size = 61482 },
    { url = "https://files.pythonhosted.org/packages/20/92/198087e5e3b798598109ef8bf78966bce114a6e692fdc2dc077fe02e5519/TgCrypto_pyrofork-1.2.7-cp312-cp312-musllinux_1_2_i686.whl", hash = "sha256:90e85211b3225d5236109e6f78c2d89c38773220e37244488e778a43e77009c7", size = 58462 },
    { url = "https://files.pythonhosted.org/packages/64/7c/5c2ca6ce902eeda156c4cd4fe53d5e44e6f18846c4fab853aad0713847ba/TgCrypto_pyrofork-1.2.7-cp312-cp312-musllinux_1_2_x86_64.whl", hash = "sha256:8d0a83c279595d82ff9ae89b2b8313f41d1e0fba8cd9201ab6ff8c65f3e3aca2", size = 60146 },
    { url = "https://files.pythonhosted.org/packages/12/b8/490c26190cb77ad8450e6dda33ea7ae44317aa950b1e5c4fee2575943743/TgCrypto_pyrofork-1.2.7-cp312-cp312-win32.whl", hash = "sha256:7bf3d77fe040a6d498487d595335d10778ed22dad403b63c7527432910b6c256", size = 45079 },
    { url = "https://files.pythonhosted.org/packages/f5/5b/6aa76f506c29b13fb86dcfa3e79b4d8e7589d8bf3e9d045efa906733da03/TgCrypto_pyrofork-1.2.7-cp312-cp312-win_amd64.whl", hash = "sha256:7b158ae63e74a09cf42920f818e937919a57b495d61bc3616fffb2b92a3b21f7", size = 45679 },
    { url = "https://files.pythonhosted.org/packages/a4/1e/13d5dc8cc30ebe3b206379d23683c58ba9d2f2bc12ff7e0e4e5cc50ead79/TgCrypto_pyrofork-1.2.7-cp313-cp313-macosx_10_13_universal2.whl", hash = "sha256:feebc1facc90e96adb1c949dd3b278734c960f7c8ae32c994197204127e824f8", size = 59526 },
    { url = "https://files.pythonhosted.org/packages/94/f4/20b108254377732fd763870b9a695ebe3926a984e58d9bbf5141d48be847/TgCrypto_pyrofork-1.2.7-cp313-cp313-macosx_10_13_x86_64.whl", hash = "sha256:275b6df7e1992c639133d0dd10795dcd4ae7981e3f0f19db28a2f22a4fd0da07", size = 43912 },
    { url = "https://files.pythonhosted.org/packages/d1/5b/10d2bd539bbf0a2f621a9bcf853714e2624b8b47e41404b5a55b2bfdd9db/TgCrypto_pyrofork-1.2.7-cp313-cp313-macosx_11_0_arm64.whl", hash = "sha256:5fe9c7d08be14510b98b92da74398220358f13a2d33c8ce53da08c3f4aeaf99a", size = 43836 },
    { url = "https://files.pythonhosted.org/packages/11/2a/a634c7974f08462e16a3250599ed08a9260b6fb0757eaca92770fd87c019/TgCrypto_pyrofork-1.2.7-cp313-cp313-manylinux_2_17_aarch64.manylinux2014_aarch64.whl", hash = "sha256:d8d627bd0ffc26f9919db3fa31c7618060b1b728041bd4aec80f114f0d82cf13", size = 62469 },
    { url = "https://files.pythonhosted.org/packages/a1/43/4c2d9a60821a22feb8cc8f0bfd520be77cc6b37c80e8d53debe146e48773/TgCrypto_pyrofork-1.2.7-cp313-cp313-manylinux_2_17_x86_64.manylinux2014_x86_64.whl", hash = "sha256:6a99abf73e1b777c0e00c7ccde51324b3cb73286f1c6669b85a775fe8da33abd", size = 60329 },
    { url = "https://files.pythonhosted.org/packages/8e/fa/3d118fb63503697f5166c3a39835f8f33bcf92f8956116b92e2c8638cd8f/TgCrypto_pyrofork-1.2.7-cp313-cp313-manylinux_2_5_i686.manylinux1_i686.manylinux_2_17_i686.manylinux2014_i686.whl", hash = "sha256:821e9103a61ab4c197015015a8a807313e34977d07e1279eb625aab3b56d0c69", size = 60085 },
    { url = "https://files.pythonhosted.org/packages/8d/16/780b25d2e83f0a8fa069b9f17c116d928ccb126007e88e2d174751d24aa1/TgCrypto_pyrofork-1.2.7-cp313-cp313-musllinux_1_2_aarch64.whl", hash = "sha256:dd3cbd29f92f9f01c52deab22be7febe80aaa085d46b7c8f2cc2a7969434a96f", size = 61524 },
    { url = "https://files.pythonhosted.org/packages/81/5b/26aca4cd6dd97c8d235963c34060a37f7662237265b732641c445b4b031d/TgCrypto_pyrofork-1.2.7-cp313-cp313-musllinux_1_2_i686.whl", hash = "sha256:45f21990f64f5774affca46d6b7ff44fb051e1f23e1594821e77a4e8f8449d77", size = 58509 },
    { url = "https://files.pythonhosted.org/packages/50/14/cbc4e69afce5f9216f8c52b2387d3a736b420d8aefab8d3d1430f2173fbd/TgCrypto_pyrofork-1.2.7-cp313-cp313-musllinux_1_2_x86_64.whl", hash = "sha256:f865d5f0f41e0c34f1ba2573dbc664086f1f5259ec09d24cca8992b5fa261982", size = 60215 },
    { url = "https://files.pythonhosted.org/packages/5f/f8/4ef2dd105693788b39785b0ccc8c800e01e80ae996fdeb02608c18b15bff/TgCrypto_pyrofork-1.2.7-cp313-cp313-win32.whl", hash = "sha256:9974ba74bac28074776a1c16ef66026ca0448665876b568c70011bddbd9c33b2", size = 45077 },
    { url = "https://files.pythonhosted.org/packages/83/15/dba4c5c9299b0ca1b2f0ef8e4e4be02a79e3ce1efeecb05562c9ac98ff2f/TgCrypto_pyrofork-1.2.7-cp313-cp313-win_amd64.whl", hash = "sha256:5dd7251a43990216790590ec22f56169b4be3ba87c8d3591c56111d5f94f0898", size = 45677 },
]

[[package]]
name = "tgfuse"
version = "0.1.0"
source = { virtual = "." }
dependencies = [
    { name = "pyftpdlib" },
    { name = "pyfuse3" },
    { name = "pyrofork" },
    { name = "tgcrypto-pyrofork" },
]

[package.metadata]
requires-dist = [
    { name = "pyftpdlib", specifier = ">=2.0.1" },
    { name = "pyfuse3", specifier = ">=3.4.0" },
    { name = "pyrofork", specifier = ">=2.3.58" },
    { name = "tgcrypto-pyrofork", specifier = ">=1.2.7" },
]

[[package]]
name = "trio"
version = "0.29.0"
source = { registry = "https://pypi.org/simple" }
dependencies = [
    { name = "attrs" },
    { name = "cffi", marker = "implementation_name != 'pypy' and os_name == 'nt'" },
    { name = "idna" },
    { name = "outcome" },
    { name = "sniffio" },
    { name = "sortedcontainers" },
]
sdist = { url = "https://files.pythonhosted.org/packages/a1/47/f62e62a1a6f37909aed0bf8f5d5411e06fa03846cfcb64540cd1180ccc9f/trio-0.29.0.tar.gz", hash = "sha256:ea0d3967159fc130acb6939a0be0e558e364fee26b5deeecc893a6b08c361bdf", size = 588952 }
wheels = [
    { url = "https://files.pythonhosted.org/packages/c9/55/c4d9bea8b3d7937901958f65124123512419ab0eb73695e5f382521abbfb/trio-0.29.0-py3-none-any.whl", hash = "sha256:d8c463f1a9cc776ff63e331aba44c125f423a5a13c684307e828d930e625ba66", size = 492920 },
]
